
Microsoft Visual Studio Solution File, Format Version 12.00
# Visual Studio 14
VisualStudioVersion = 14.0.25420.1
MinimumVisualStudioVersion = 10.0.40219.1
Project("{FAE04EC0-301F-11D3-BF4B-00C04F79EFBC}") = "Lesson4Task1", "Lesson4Task1\Lesson4Task1.csproj", "{90A706D9-A902-4A1A-902D-A6465E512452}"
EndProject
Project("{FAE04EC0-301F-11D3-BF4B-00C04F79EFBC}") = "Lesson4Task2", "Lesson4Task2\Lesson4Task2.csproj", "{59E6A54D-6F6E-4D7E-97F9-C40C27960E53}"
EndProject
Project("{FAE04EC0-301F-11D3-BF4B-00C04F79EFBC}") = "Lesson4Task3", "Lesson4Task3\Lesson4Task3.csproj", "{17F02508-4588-4573-A18F-231847270931}"
EndProject
Project("{FAE04EC0-301F-11D3-BF4B-00C04F79EFBC}") = "Lesson4Task4", "Lesson4Task4\Lesson4Task4.csproj", "{0AB9ED87-1196-41FE-A505-69C49C4D5AEF}"
EndProject
Global
	GlobalSection(SolutionConfigurationPlatforms) = preSolution
		Debug|Any CPU = Debug|Any CPU
		Release|Any CPU = Release|Any CPU
	EndGlobalSection
	GlobalSection(ProjectConfigurationPlatforms) = postSolution
		{90A706D9-A902-4A1A-902D-A6465E512452}.Debug|Any CPU.ActiveCfg = Debug|Any CPU
		{90A706D9-A902-4A1A-902D-A6465E512452}.Debug|Any CPU.Build.0 = Debug|Any CPU
		{90A706D9-A902-4A1A-902D-A6465E512452}.Release|Any CPU.ActiveCfg = Release|Any CPU
		{90A706D9-A902-4A1A-902D-A6465E512452}.Release|Any CPU.Build.0 = Release|Any CPU
		{59E6A54D-6F6E-4D7E-97F9-C40C27960E53}.Debug|Any CPU.ActiveCfg = Debug|Any CPU
		{59E6A54D-6F6E-4D7E-97F9-C40C27960E53}.Debug|Any CPU.Build.0 = Debug|Any CPU
		{59E6A54D-6F6E-4D7E-97F9-C40C27960E53}.Release|Any CPU.ActiveCfg = Release|Any CPU
		{59E6A54D-6F6E-4D7E-97F9-C40C27960E53}.Release|Any CPU.Build.0 = Release|Any CPU
		{17F02508-4588-4573-A18F-231847270931}.Debug|Any CPU.ActiveCfg = Debug|Any CPU
		{17F02508-4588-4573-A18F-231847270931}.Debug|Any CPU.Build.0 = Debug|Any CPU
		{17F02508-4588-4573-A18F-231847270931}.Release|Any CPU.ActiveCfg = Release|Any CPU
		{17F02508-4588-4573-A18F-231847270931}.Release|Any CPU.Build.0 = Release|Any CPU
		{0AB9ED87-1196-41FE-A505-69C49C4D5AEF}.Debug|Any CPU.ActiveCfg = Debug|Any CPU
		{0AB9ED87-1196-41FE-A505-69C49C4D5AEF}.Debug|Any CPU.Build.0 = Debug|Any CPU
		{0AB9ED87-1196-41FE-A505-69C49C4D5AEF}.Release|Any CPU.ActiveCfg = Release|Any CPU
		{0AB9ED87-1196-41FE-A505-69C49C4D5AEF}.Release|Any CPU.Build.0 = Release|Any CPU
	EndGlobalSection
	GlobalSection(SolutionProperties) = preSolution
		HideSolutionNode = FALSE
	EndGlobalSection
EndGlobal
